
Microsoft Visual Studio Solution File, Format Version 12.00
# Visual Studio Version 17
VisualStudioVersion = 17.4.33213.308
MinimumVisualStudioVersion = 10.0.40219.1
Project("{9A19103F-16F7-4668-BE54-9A1E7A4F7556}") = "CediadDataBase", "CediadDataBase\CediadDataBase.csproj", "{17C19008-7723-48F5-9317-6369D59FD7A9}"
EndProject
Project("{9A19103F-16F7-4668-BE54-9A1E7A4F7556}") = "CediadRegistroBlazorServer", "CediadRegistroBlazorServer\CediadRegistroBlazorServer.csproj", "{78BA7F08-AADE-422C-98F7-3333245F5482}"
EndProject
Project("{FAE04EC0-301F-11D3-BF4B-00C04F79EFBC}") = "CediadProductosYServicios", "CediadProductosYServicios\CediadProductosYServicios.csproj", "{0F38C5B3-B1CF-45BD-B414-4DEBB94776C4}"
EndProject
Global
	GlobalSection(SolutionConfigurationPlatforms) = preSolution
		Debug|Any CPU = Debug|Any CPU
		Release|Any CPU = Release|Any CPU
	EndGlobalSection
	GlobalSection(ProjectConfigurationPlatforms) = postSolution
		{17C19008-7723-48F5-9317-6369D59FD7A9}.Debug|Any CPU.ActiveCfg = Debug|Any CPU
		{17C19008-7723-48F5-9317-6369D59FD7A9}.Debug|Any CPU.Build.0 = Debug|Any CPU
		{17C19008-7723-48F5-9317-6369D59FD7A9}.Release|Any CPU.ActiveCfg = Release|Any CPU
		{17C19008-7723-48F5-9317-6369D59FD7A9}.Release|Any CPU.Build.0 = Release|Any CPU
		{78BA7F08-AADE-422C-98F7-3333245F5482}.Debug|Any CPU.ActiveCfg = Debug|Any CPU
		{78BA7F08-AADE-422C-98F7-3333245F5482}.Debug|Any CPU.Build.0 = Debug|Any CPU
		{78BA7F08-AADE-422C-98F7-3333245F5482}.Release|Any CPU.ActiveCfg = Release|Any CPU
		{78BA7F08-AADE-422C-98F7-3333245F5482}.Release|Any CPU.Build.0 = Release|Any CPU
		{0F38C5B3-B1CF-45BD-B414-4DEBB94776C4}.Debug|Any CPU.ActiveCfg = Debug|Any CPU
		{0F38C5B3-B1CF-45BD-B414-4DEBB94776C4}.Debug|Any CPU.Build.0 = Debug|Any CPU
		{0F38C5B3-B1CF-45BD-B414-4DEBB94776C4}.Release|Any CPU.ActiveCfg = Release|Any CPU
		{0F38C5B3-B1CF-45BD-B414-4DEBB94776C4}.Release|Any CPU.Build.0 = Release|Any CPU
	EndGlobalSection
	GlobalSection(SolutionProperties) = preSolution
		HideSolutionNode = FALSE
	EndGlobalSection
	GlobalSection(ExtensibilityGlobals) = postSolution
		SolutionGuid = {8FAD2D34-D3F6-4C5C-A327-DFF0D8541117}
	EndGlobalSection
EndGlobal
